{
  "name": "1-node-farm",
  "lockfileVersion": 3,
  "requires": true,
  "packages": {
    "": {
      "dependencies": {
        "nodemon": "^0.5.4"
      }
    },
    "node_modules/nodemon": {
      "version": "0.5.4",
      "resolved": "https://registry.npmjs.org/nodemon/-/nodemon-0.5.4.tgz",
      "integrity": "sha512-0OMCALizlKZfFsUkYFvq7CM0t2BUWtADS2AdRLgZlHJjg76mYo98CFmcBASh6PzDi5GBLoJkxUag9wuv1UrPxg==",
      "bin": {
        "nodemon": "nodemon.js"
      },
      "engines": {
        "node": "*"
      }
    }
  }
}
